{
	"name": "mediawiki-extensions-PictureHtmlSupport",
	"lockfileVersion": 2,
	"requires": true,
	"packages": {
		"": {
			"devDependencies": {
				"grunt-banana-checker": "0.11.0"
			}
		},
		"node_modules/grunt-banana-checker": {
			"version": "0.11.0",
			"resolved": "https://registry.npmjs.org/grunt-banana-checker/-/grunt-banana-checker-0.11.0.tgz",
			"integrity": "sha512-qXtcxu7y9GFEIx6ELm5jSf+JqvCafdco+t/YsrUhUDNe9AgCnP7X0R+PxT0qZaDftKVrDrR2gPOYqpaAye5bDw==",
			"dev": true,
			"bin": {
				"banana-checker": "src/cli.js"
			},
			"engines": {
				"node": ">=8"
			}
		}
	},
	"dependencies": {
		"grunt-banana-checker": {
			"version": "0.11.0",
			"resolved": "https://registry.npmjs.org/grunt-banana-checker/-/grunt-banana-checker-0.11.0.tgz",
			"integrity": "sha512-qXtcxu7y9GFEIx6ELm5jSf+JqvCafdco+t/YsrUhUDNe9AgCnP7X0R+PxT0qZaDftKVrDrR2gPOYqpaAye5bDw==",
			"dev": true
		}
	}
}
