{
	"name": "mediawiki-extensions-PictureHtmlSupport",
	"lockfileVersion": 2,
	"requires": true,
	"packages": {
		"": {
			"devDependencies": {
				"grunt-banana-checker": "0.11.1"
			}
		},
		"node_modules/grunt-banana-checker": {
			"version": "0.11.1",
			"resolved": "https://registry.npmjs.org/grunt-banana-checker/-/grunt-banana-checker-0.11.1.tgz",
			"integrity": "sha512-CF0h/TXaX9sbF2yIz+fUfJc4Zvms7XGYQ7ZYMD5+vv0LMZzSFf7JSHXDaBEs72nQWw4r4ap5fOW3baAliW+0bQ==",
			"dev": true,
			"bin": {
				"banana-checker": "src/cli.js"
			},
			"engines": {
				"node": ">=8"
			}
		}
	},
	"dependencies": {
		"grunt-banana-checker": {
			"version": "0.11.1",
			"resolved": "https://registry.npmjs.org/grunt-banana-checker/-/grunt-banana-checker-0.11.1.tgz",
			"integrity": "sha512-CF0h/TXaX9sbF2yIz+fUfJc4Zvms7XGYQ7ZYMD5+vv0LMZzSFf7JSHXDaBEs72nQWw4r4ap5fOW3baAliW+0bQ==",
			"dev": true
		}
	}
}
